
Microsoft Visual Studio Solution File, Format Version 12.00
# Visual Studio Version 16
VisualStudioVersion = 16.0.31410.357
MinimumVisualStudioVersion = 10.0.40219.1
Project("{9A19103F-16F7-4668-BE54-9A1E7A4F7556}") = "DubaiSmoke.Users.Api", "DubaiSmoke.Users.Api.csproj", "{117F0A73-06A3-4568-88D2-6BC8EB0C5F97}"
EndProject
Project("{FAE04EC0-301F-11D3-BF4B-00C04F79EFBC}") = "DubaiSmoke.Users.Application", "..\DubaiSmoke.Users.Application\DubaiSmoke.Users.Application.csproj", "{735B1759-002F-4066-A942-40C3E80E2A19}"
EndProject
Project("{FAE04EC0-301F-11D3-BF4B-00C04F79EFBC}") = "DubaiSmoke.Users.CrossCutting", "..\DubaiSmoke.Users.CrossCutting\DubaiSmoke.Users.CrossCutting.csproj", "{0AFCDF9B-546A-409A-98D9-8C4B57B16913}"
EndProject
Project("{FAE04EC0-301F-11D3-BF4B-00C04F79EFBC}") = "DubaiSmoke.Users.Domain", "..\DubaiSmoke.Users.Domain\DubaiSmoke.Users.Domain.csproj", "{C80B9C89-0928-4465-8AEB-2EB8DFE06F8D}"
EndProject
Project("{FAE04EC0-301F-11D3-BF4B-00C04F79EFBC}") = "DubaiSmoke.Users.Infrastructure", "..\DubaiSmoke.Users.Infrastructure\DubaiSmoke.Users.Infrastructure.csproj", "{6938C5AC-5A65-44E0-9264-F8F9FEA738E5}"
EndProject
Project("{FAE04EC0-301F-11D3-BF4B-00C04F79EFBC}") = "DubaiSmoke.Users.Test", "..\DubaiSmoke.Users.Test\DubaiSmoke.Users.Test.csproj", "{404FACDF-5840-472F-87B3-93E89736DABD}"
EndProject
Global
	GlobalSection(SolutionConfigurationPlatforms) = preSolution
		Debug|Any CPU = Debug|Any CPU
		Release|Any CPU = Release|Any CPU
	EndGlobalSection
	GlobalSection(ProjectConfigurationPlatforms) = postSolution
		{117F0A73-06A3-4568-88D2-6BC8EB0C5F97}.Debug|Any CPU.ActiveCfg = Debug|Any CPU
		{117F0A73-06A3-4568-88D2-6BC8EB0C5F97}.Debug|Any CPU.Build.0 = Debug|Any CPU
		{117F0A73-06A3-4568-88D2-6BC8EB0C5F97}.Release|Any CPU.ActiveCfg = Release|Any CPU
		{117F0A73-06A3-4568-88D2-6BC8EB0C5F97}.Release|Any CPU.Build.0 = Release|Any CPU
		{735B1759-002F-4066-A942-40C3E80E2A19}.Debug|Any CPU.ActiveCfg = Debug|Any CPU
		{735B1759-002F-4066-A942-40C3E80E2A19}.Debug|Any CPU.Build.0 = Debug|Any CPU
		{735B1759-002F-4066-A942-40C3E80E2A19}.Release|Any CPU.ActiveCfg = Release|Any CPU
		{735B1759-002F-4066-A942-40C3E80E2A19}.Release|Any CPU.Build.0 = Release|Any CPU
		{0AFCDF9B-546A-409A-98D9-8C4B57B16913}.Debug|Any CPU.ActiveCfg = Debug|Any CPU
		{0AFCDF9B-546A-409A-98D9-8C4B57B16913}.Debug|Any CPU.Build.0 = Debug|Any CPU
		{0AFCDF9B-546A-409A-98D9-8C4B57B16913}.Release|Any CPU.ActiveCfg = Release|Any CPU
		{0AFCDF9B-546A-409A-98D9-8C4B57B16913}.Release|Any CPU.Build.0 = Release|Any CPU
		{C80B9C89-0928-4465-8AEB-2EB8DFE06F8D}.Debug|Any CPU.ActiveCfg = Debug|Any CPU
		{C80B9C89-0928-4465-8AEB-2EB8DFE06F8D}.Debug|Any CPU.Build.0 = Debug|Any CPU
		{C80B9C89-0928-4465-8AEB-2EB8DFE06F8D}.Release|Any CPU.ActiveCfg = Release|Any CPU
		{C80B9C89-0928-4465-8AEB-2EB8DFE06F8D}.Release|Any CPU.Build.0 = Release|Any CPU
		{6938C5AC-5A65-44E0-9264-F8F9FEA738E5}.Debug|Any CPU.ActiveCfg = Debug|Any CPU
		{6938C5AC-5A65-44E0-9264-F8F9FEA738E5}.Debug|Any CPU.Build.0 = Debug|Any CPU
		{6938C5AC-5A65-44E0-9264-F8F9FEA738E5}.Release|Any CPU.ActiveCfg = Release|Any CPU
		{6938C5AC-5A65-44E0-9264-F8F9FEA738E5}.Release|Any CPU.Build.0 = Release|Any CPU
		{404FACDF-5840-472F-87B3-93E89736DABD}.Debug|Any CPU.ActiveCfg = Debug|Any CPU
		{404FACDF-5840-472F-87B3-93E89736DABD}.Debug|Any CPU.Build.0 = Debug|Any CPU
		{404FACDF-5840-472F-87B3-93E89736DABD}.Release|Any CPU.ActiveCfg = Release|Any CPU
		{404FACDF-5840-472F-87B3-93E89736DABD}.Release|Any CPU.Build.0 = Release|Any CPU
	EndGlobalSection
	GlobalSection(SolutionProperties) = preSolution
		HideSolutionNode = FALSE
	EndGlobalSection
	GlobalSection(ExtensibilityGlobals) = postSolution
		SolutionGuid = {9C4DF6C4-1DA9-42A6-9C72-755542027CD3}
	EndGlobalSection
EndGlobal
